
Microsoft Visual Studio Solution File, Format Version 12.00
# Visual Studio Version 16
VisualStudioVersion = 16.0.30128.74
MinimumVisualStudioVersion = 10.0.40219.1
Project("{FAE04EC0-301F-11D3-BF4B-00C04F79EFBC}") = "WinFormApp", "WinFormApp.csproj", "{17BAA0F6-6968-4A90-9583-BE0BD308B9E3}"
EndProject
Project("{FAE04EC0-301F-11D3-BF4B-00C04F79EFBC}") = "ClockApp", "..\ClockApp\ClockApp.csproj", "{F4BC1E51-514E-47B7-BC86-96F64B22134A}"
EndProject
Project("{FAE04EC0-301F-11D3-BF4B-00C04F79EFBC}") = "ButtonTestApp", "..\ButtonTestApp\ButtonTestApp.csproj", "{4B9D769D-F39B-49AC-AA16-AD11B32A2E58}"
EndProject
Project("{FAE04EC0-301F-11D3-BF4B-00C04F79EFBC}") = "CheckBoxTestApp", "..\CheckBoxTestApp\CheckBoxTestApp.csproj", "{E49483A1-C6D2-40BC-AC41-CFC5F0BCDBB3}"
EndProject
Project("{FAE04EC0-301F-11D3-BF4B-00C04F79EFBC}") = "RadioButtonTestApp", "..\RadioButtonTestApp\RadioButtonTestApp.csproj", "{D377B6BF-5AA6-4212-9955-C831508BB8F3}"
EndProject
Project("{FAE04EC0-301F-11D3-BF4B-00C04F79EFBC}") = "LoginApp", "..\LoginApp\LoginApp.csproj", "{0C15F0D8-5098-4F30-80E8-043ADE650717}"
EndProject
Project("{FAE04EC0-301F-11D3-BF4B-00C04F79EFBC}") = "ListControlTestApp", "..\ListControlTestApp\ListControlTestApp.csproj", "{077EBF75-73D0-4492-8B76-4A62F9C58321}"
EndProject
Project("{FAE04EC0-301F-11D3-BF4B-00C04F79EFBC}") = "CheckListBoxApp", "..\CheckListBoxApp\CheckListBoxApp.csproj", "{6849D5F6-595D-40DC-BEC0-96CCCDC560AB}"
EndProject
Project("{FAE04EC0-301F-11D3-BF4B-00C04F79EFBC}") = "ModalDlgApp", "..\ModalDlgApp\ModalDlgApp.csproj", "{A99987F2-9F21-4E57-8E59-4C54B0CA39F7}"
EndProject
Project("{FAE04EC0-301F-11D3-BF4B-00C04F79EFBC}") = "OpenFileDlgApp", "..\OpenFileDlgApp\OpenFileDlgApp.csproj", "{417995F8-E05B-4EDC-BA7B-2BAE22084F0A}"
EndProject
Global
	GlobalSection(SolutionConfigurationPlatforms) = preSolution
		Debug|Any CPU = Debug|Any CPU
		Release|Any CPU = Release|Any CPU
	EndGlobalSection
	GlobalSection(ProjectConfigurationPlatforms) = postSolution
		{17BAA0F6-6968-4A90-9583-BE0BD308B9E3}.Debug|Any CPU.ActiveCfg = Debug|Any CPU
		{17BAA0F6-6968-4A90-9583-BE0BD308B9E3}.Debug|Any CPU.Build.0 = Debug|Any CPU
		{17BAA0F6-6968-4A90-9583-BE0BD308B9E3}.Release|Any CPU.ActiveCfg = Release|Any CPU
		{17BAA0F6-6968-4A90-9583-BE0BD308B9E3}.Release|Any CPU.Build.0 = Release|Any CPU
		{F4BC1E51-514E-47B7-BC86-96F64B22134A}.Debug|Any CPU.ActiveCfg = Debug|Any CPU
		{F4BC1E51-514E-47B7-BC86-96F64B22134A}.Debug|Any CPU.Build.0 = Debug|Any CPU
		{F4BC1E51-514E-47B7-BC86-96F64B22134A}.Release|Any CPU.ActiveCfg = Release|Any CPU
		{F4BC1E51-514E-47B7-BC86-96F64B22134A}.Release|Any CPU.Build.0 = Release|Any CPU
		{4B9D769D-F39B-49AC-AA16-AD11B32A2E58}.Debug|Any CPU.ActiveCfg = Debug|Any CPU
		{4B9D769D-F39B-49AC-AA16-AD11B32A2E58}.Debug|Any CPU.Build.0 = Debug|Any CPU
		{4B9D769D-F39B-49AC-AA16-AD11B32A2E58}.Release|Any CPU.ActiveCfg = Release|Any CPU
		{4B9D769D-F39B-49AC-AA16-AD11B32A2E58}.Release|Any CPU.Build.0 = Release|Any CPU
		{E49483A1-C6D2-40BC-AC41-CFC5F0BCDBB3}.Debug|Any CPU.ActiveCfg = Debug|Any CPU
		{E49483A1-C6D2-40BC-AC41-CFC5F0BCDBB3}.Debug|Any CPU.Build.0 = Debug|Any CPU
		{E49483A1-C6D2-40BC-AC41-CFC5F0BCDBB3}.Release|Any CPU.ActiveCfg = Release|Any CPU
		{E49483A1-C6D2-40BC-AC41-CFC5F0BCDBB3}.Release|Any CPU.Build.0 = Release|Any CPU
		{D377B6BF-5AA6-4212-9955-C831508BB8F3}.Debug|Any CPU.ActiveCfg = Debug|Any CPU
		{D377B6BF-5AA6-4212-9955-C831508BB8F3}.Debug|Any CPU.Build.0 = Debug|Any CPU
		{D377B6BF-5AA6-4212-9955-C831508BB8F3}.Release|Any CPU.ActiveCfg = Release|Any CPU
		{D377B6BF-5AA6-4212-9955-C831508BB8F3}.Release|Any CPU.Build.0 = Release|Any CPU
		{0C15F0D8-5098-4F30-80E8-043ADE650717}.Debug|Any CPU.ActiveCfg = Debug|Any CPU
		{0C15F0D8-5098-4F30-80E8-043ADE650717}.Debug|Any CPU.Build.0 = Debug|Any CPU
		{0C15F0D8-5098-4F30-80E8-043ADE650717}.Release|Any CPU.ActiveCfg = Release|Any CPU
		{0C15F0D8-5098-4F30-80E8-043ADE650717}.Release|Any CPU.Build.0 = Release|Any CPU
		{077EBF75-73D0-4492-8B76-4A62F9C58321}.Debug|Any CPU.ActiveCfg = Debug|Any CPU
		{077EBF75-73D0-4492-8B76-4A62F9C58321}.Debug|Any CPU.Build.0 = Debug|Any CPU
		{077EBF75-73D0-4492-8B76-4A62F9C58321}.Release|Any CPU.ActiveCfg = Release|Any CPU
		{077EBF75-73D0-4492-8B76-4A62F9C58321}.Release|Any CPU.Build.0 = Release|Any CPU
		{6849D5F6-595D-40DC-BEC0-96CCCDC560AB}.Debug|Any CPU.ActiveCfg = Debug|Any CPU
		{6849D5F6-595D-40DC-BEC0-96CCCDC560AB}.Debug|Any CPU.Build.0 = Debug|Any CPU
		{6849D5F6-595D-40DC-BEC0-96CCCDC560AB}.Release|Any CPU.ActiveCfg = Release|Any CPU
		{6849D5F6-595D-40DC-BEC0-96CCCDC560AB}.Release|Any CPU.Build.0 = Release|Any CPU
		{A99987F2-9F21-4E57-8E59-4C54B0CA39F7}.Debug|Any CPU.ActiveCfg = Debug|Any CPU
		{A99987F2-9F21-4E57-8E59-4C54B0CA39F7}.Debug|Any CPU.Build.0 = Debug|Any CPU
		{A99987F2-9F21-4E57-8E59-4C54B0CA39F7}.Release|Any CPU.ActiveCfg = Release|Any CPU
		{A99987F2-9F21-4E57-8E59-4C54B0CA39F7}.Release|Any CPU.Build.0 = Release|Any CPU
		{417995F8-E05B-4EDC-BA7B-2BAE22084F0A}.Debug|Any CPU.ActiveCfg = Debug|Any CPU
		{417995F8-E05B-4EDC-BA7B-2BAE22084F0A}.Debug|Any CPU.Build.0 = Debug|Any CPU
		{417995F8-E05B-4EDC-BA7B-2BAE22084F0A}.Release|Any CPU.ActiveCfg = Release|Any CPU
		{417995F8-E05B-4EDC-BA7B-2BAE22084F0A}.Release|Any CPU.Build.0 = Release|Any CPU
	EndGlobalSection
	GlobalSection(SolutionProperties) = preSolution
		HideSolutionNode = FALSE
	EndGlobalSection
	GlobalSection(ExtensibilityGlobals) = postSolution
		SolutionGuid = {CC858609-1CF4-4C81-9560-5C37B4FC6320}
	EndGlobalSection
EndGlobal
